dependencies:
- name: app1
  repository: file://charts/app1/
  version: 0.1.0
- name: app2
  repository: file://charts/app2/
  version: 0.1.0
- name: postgresql
  repository: file://charts/postgresql/
  version: 12.2.0
digest: sha256:00c768986cc4aa1d1a772b21c65e9fac4e32753a4378b7015c0251239b1f58c3
generated: "2023-12-04T13:10:03.718345159Z"
